
Microsoft Visual Studio Solution File, Format Version 12.00
# Visual Studio Version 17
VisualStudioVersion = 17.7.34031.279
MinimumVisualStudioVersion = 10.0.40219.1
Project("{FAE04EC0-301F-11D3-BF4B-00C04F79EFBC}") = "Lb2", "Lb2\Lb2.csproj", "{DDDCCDBD-D214-42C6-BE25-582E60226E69}"
EndProject
Global
	GlobalSection(SolutionConfigurationPlatforms) = preSolution
		Debug|Any CPU = Debug|Any CPU
		Release|Any CPU = Release|Any CPU
	EndGlobalSection
	GlobalSection(ProjectConfigurationPlatforms) = postSolution
		{DDDCCDBD-D214-42C6-BE25-582E60226E69}.Debug|Any CPU.ActiveCfg = Debug|Any CPU
		{DDDCCDBD-D214-42C6-BE25-582E60226E69}.Debug|Any CPU.Build.0 = Debug|Any CPU
		{DDDCCDBD-D214-42C6-BE25-582E60226E69}.Release|Any CPU.ActiveCfg = Release|Any CPU
		{DDDCCDBD-D214-42C6-BE25-582E60226E69}.Release|Any CPU.Build.0 = Release|Any CPU
	EndGlobalSection
	GlobalSection(SolutionProperties) = preSolution
		HideSolutionNode = FALSE
	EndGlobalSection
	GlobalSection(ExtensibilityGlobals) = postSolution
		SolutionGuid = {DC082DA3-B589-4357-B14D-368C48D6654F}
	EndGlobalSection
EndGlobal
